
Microsoft Visual Studio Solution File, Format Version 12.00
# Visual Studio 2013
VisualStudioVersion = 12.0.30501.0
MinimumVisualStudioVersion = 10.0.40219.1
Project("{8BC9CEB8-8B4A-11D0-8D11-00A0C91BC942}") = "1410 assignment 10", "1410 assignment 10\1410 assignment 10.vcxproj", "{8FA0CC42-3A8C-447C-8E8A-4E210A1CD56D}"
EndProject
Global
	GlobalSection(SolutionConfigurationPlatforms) = preSolution
		Debug|Win32 = Debug|Win32
		Release|Win32 = Release|Win32
	EndGlobalSection
	GlobalSection(ProjectConfigurationPlatforms) = postSolution
		{8FA0CC42-3A8C-447C-8E8A-4E210A1CD56D}.Debug|Win32.ActiveCfg = Debug|Win32
		{8FA0CC42-3A8C-447C-8E8A-4E210A1CD56D}.Debug|Win32.Build.0 = Debug|Win32
		{8FA0CC42-3A8C-447C-8E8A-4E210A1CD56D}.Release|Win32.ActiveCfg = Release|Win32
		{8FA0CC42-3A8C-447C-8E8A-4E210A1CD56D}.Release|Win32.Build.0 = Release|Win32
	EndGlobalSection
	GlobalSection(SolutionProperties) = preSolution
		HideSolutionNode = FALSE
	EndGlobalSection
EndGlobal
