
Microsoft Visual Studio Solution File, Format Version 12.00
# Visual Studio 2013
VisualStudioVersion = 12.0.30501.0
MinimumVisualStudioVersion = 10.0.40219.1
Project("{FAE04EC0-301F-11D3-BF4B-00C04F79EFBC}") = "2412_assignment5", "2412_assignment5\2412_assignment5.csproj", "{CEB847EE-7B6B-4DAF-9FC6-8217EF61DA51}"
EndProject
Global
	GlobalSection(SolutionConfigurationPlatforms) = preSolution
		Debug|Any CPU = Debug|Any CPU
		Release|Any CPU = Release|Any CPU
	EndGlobalSection
	GlobalSection(ProjectConfigurationPlatforms) = postSolution
		{CEB847EE-7B6B-4DAF-9FC6-8217EF61DA51}.Debug|Any CPU.ActiveCfg = Debug|Any CPU
		{CEB847EE-7B6B-4DAF-9FC6-8217EF61DA51}.Debug|Any CPU.Build.0 = Debug|Any CPU
		{CEB847EE-7B6B-4DAF-9FC6-8217EF61DA51}.Release|Any CPU.ActiveCfg = Release|Any CPU
		{CEB847EE-7B6B-4DAF-9FC6-8217EF61DA51}.Release|Any CPU.Build.0 = Release|Any CPU
	EndGlobalSection
	GlobalSection(SolutionProperties) = preSolution
		HideSolutionNode = FALSE
	EndGlobalSection
EndGlobal
